
Microsoft Visual Studio Solution File, Format Version 12.00
# Visual Studio Version 17
VisualStudioVersion = 17.10.35027.167
MinimumVisualStudioVersion = 10.0.40219.1
Project("{FAE04EC0-301F-11D3-BF4B-00C04F79EFBC}") = "WordsCount", "WordsCount.csproj", "{ECED1ECF-7E44-4CED-89DD-81F752AFA3BA}"
EndProject
Project("{FAE04EC0-301F-11D3-BF4B-00C04F79EFBC}") = "WordsCount.Test", "..\WordsCount.Test\WordsCount.Test.csproj", "{82D451CE-52ED-40E3-81C3-F7AC7ED3D78F}"
EndProject
Global
	GlobalSection(SolutionConfigurationPlatforms) = preSolution
		Debug|Any CPU = Debug|Any CPU
		Release|Any CPU = Release|Any CPU
	EndGlobalSection
	GlobalSection(ProjectConfigurationPlatforms) = postSolution
		{ECED1ECF-7E44-4CED-89DD-81F752AFA3BA}.Debug|Any CPU.ActiveCfg = Debug|Any CPU
		{ECED1ECF-7E44-4CED-89DD-81F752AFA3BA}.Debug|Any CPU.Build.0 = Debug|Any CPU
		{ECED1ECF-7E44-4CED-89DD-81F752AFA3BA}.Release|Any CPU.ActiveCfg = Release|Any CPU
		{ECED1ECF-7E44-4CED-89DD-81F752AFA3BA}.Release|Any CPU.Build.0 = Release|Any CPU
		{82D451CE-52ED-40E3-81C3-F7AC7ED3D78F}.Debug|Any CPU.ActiveCfg = Debug|Any CPU
		{82D451CE-52ED-40E3-81C3-F7AC7ED3D78F}.Debug|Any CPU.Build.0 = Debug|Any CPU
		{82D451CE-52ED-40E3-81C3-F7AC7ED3D78F}.Release|Any CPU.ActiveCfg = Release|Any CPU
		{82D451CE-52ED-40E3-81C3-F7AC7ED3D78F}.Release|Any CPU.Build.0 = Release|Any CPU
	EndGlobalSection
	GlobalSection(SolutionProperties) = preSolution
		HideSolutionNode = FALSE
	EndGlobalSection
	GlobalSection(ExtensibilityGlobals) = postSolution
		SolutionGuid = {3488F4D0-4E1C-404A-BC2C-5F6116C85C92}
	EndGlobalSection
EndGlobal
